
Microsoft Visual Studio Solution File, Format Version 12.00
# Visual Studio Version 16
VisualStudioVersion = 16.0.33529.622
MinimumVisualStudioVersion = 10.0.40219.1
Project("{FAE04EC0-301F-11D3-BF4B-00C04F79EFBC}") = "ArrayHomeWork3", "ArrayHomeWork3.csproj", "{1EB969D9-AA25-43B1-BE40-852ACBEC82AE}"
EndProject
Global
	GlobalSection(SolutionConfigurationPlatforms) = preSolution
		Debug|Any CPU = Debug|Any CPU
		Release|Any CPU = Release|Any CPU
	EndGlobalSection
	GlobalSection(ProjectConfigurationPlatforms) = postSolution
		{1EB969D9-AA25-43B1-BE40-852ACBEC82AE}.Debug|Any CPU.ActiveCfg = Debug|Any CPU
		{1EB969D9-AA25-43B1-BE40-852ACBEC82AE}.Debug|Any CPU.Build.0 = Debug|Any CPU
		{1EB969D9-AA25-43B1-BE40-852ACBEC82AE}.Release|Any CPU.ActiveCfg = Release|Any CPU
		{1EB969D9-AA25-43B1-BE40-852ACBEC82AE}.Release|Any CPU.Build.0 = Release|Any CPU
	EndGlobalSection
	GlobalSection(SolutionProperties) = preSolution
		HideSolutionNode = FALSE
	EndGlobalSection
	GlobalSection(ExtensibilityGlobals) = postSolution
		SolutionGuid = {C2FFCC1D-28C5-427D-A584-89625C094D03}
	EndGlobalSection
EndGlobal
